
Microsoft Visual Studio Solution File, Format Version 12.00
# Visual Studio Version 17
VisualStudioVersion = 17.3.32825.248
MinimumVisualStudioVersion = 10.0.40219.1
Project("{FAE04EC0-301F-11D3-BF4B-00C04F79EFBC}") = "HobbyGames", "HobbyGames\HobbyGames.csproj", "{3F5CF3C5-11CD-411B-BA98-9EB2D254D0BB}"
EndProject
Global
	GlobalSection(SolutionConfigurationPlatforms) = preSolution
		Debug|Any CPU = Debug|Any CPU
		Release|Any CPU = Release|Any CPU
	EndGlobalSection
	GlobalSection(ProjectConfigurationPlatforms) = postSolution
		{3F5CF3C5-11CD-411B-BA98-9EB2D254D0BB}.Debug|Any CPU.ActiveCfg = Debug|Any CPU
		{3F5CF3C5-11CD-411B-BA98-9EB2D254D0BB}.Debug|Any CPU.Build.0 = Debug|Any CPU
		{3F5CF3C5-11CD-411B-BA98-9EB2D254D0BB}.Release|Any CPU.ActiveCfg = Release|Any CPU
		{3F5CF3C5-11CD-411B-BA98-9EB2D254D0BB}.Release|Any CPU.Build.0 = Release|Any CPU
	EndGlobalSection
	GlobalSection(SolutionProperties) = preSolution
		HideSolutionNode = FALSE
	EndGlobalSection
	GlobalSection(ExtensibilityGlobals) = postSolution
		SolutionGuid = {77BDEA56-63E8-4632-94F0-B25B7FED36BB}
	EndGlobalSection
EndGlobal
